// !$*UTF8*$!
{
	archiveVersion = 1;
	classes = {
	};
	objectVersion = 46;
	objects = {

/* Begin PBXBuildFile section */
		945AB4321DA268130010FB7C /* AppDelegate.swift in Sources */ = {isa = PBXBuildFile; fileRef = 945AB4311DA268130010FB7C /* AppDelegate.swift */; };
		945AB4341DA268130010FB7C /* ViewController.swift in Sources */ = {isa = PBXBuildFile; fileRef = 945AB4331DA268130010FB7C /* ViewController.swift */; };
		945AB4371DA268130010FB7C /* Main.storyboard in Resources */ = {isa = PBXBuildFile; fileRef = 945AB4351DA268130010FB7C /* Main.storyboard */; };
		945AB4391DA268130010FB7C /* Assets.xcassets in Resources */ = {isa = PBXBuildFile; fileRef = 945AB4381DA268130010FB7C /* Assets.xcassets */; };
		945AB43C1DA268130010FB7C /* LaunchScreen.storyboard in Resources */ = {isa = PBXBuildFile; fileRef = 945AB43A1DA268130010FB7C /* LaunchScreen.storyboard */; };
		945AB4471DA268140010FB7C /* Accediendo_a_la_nube_con_iOS_Semana_4_EjercicioPUTests.swift in Sources */ = {isa = PBXBuildFile; fileRef = 945AB4461DA268140010FB7C /* Accediendo_a_la_nube_con_iOS_Semana_4_EjercicioPUTests.swift */; };
/* End PBXBuildFile section */

/* Begin PBXContainerItemProxy section */
		945AB4431DA268140010FB7C /* PBXContainerItemProxy */ = {
			isa = PBXContainerItemProxy;
			containerPortal = 945AB4261DA268120010FB7C /* Project object */;
			proxyType = 1;
			remoteGlobalIDString = 945AB42D1DA268130010FB7C;
			remoteInfo = "Accediendo-a-la-nube-con-iOS_Semana-4_EjercicioPU";
		};
/* End PBXContainerItemProxy section */

/* Begin PBXFileReference section */
		945AB42E1DA268130010FB7C /* Accediendo-a-la-nube-con-iOS_Semana-4_EjercicioPU.app */ = {isa = PBXFileReference; explicitFileType = wrapper.application; includeInIndex = 0; path = "Accediendo-a-la-nube-con-iOS_Semana-4_EjercicioPU.app"; sourceTree = BUILT_PRODUCTS_DIR; };
		945AB4311DA268130010FB7C /* AppDelegate.swift */ = {isa = PBXFileReference; lastKnownFileType = sourcecode.swift; path = AppDelegate.swift; sourceTree = "<group>"; };
		945AB4331DA268130010FB7C /* ViewController.swift */ = {isa = PBXFileReference; lastKnownFileType = sourcecode.swift; path = ViewController.swift; sourceTree = "<group>"; };
		945AB4361DA268130010FB7C /* Base */ = {isa = PBXFileReference; lastKnownFileType = file.storyboard; name = Base; path = Base.lproj/Main.storyboard; sourceTree = "<group>"; };
		945AB4381DA268130010FB7C /* Assets.xcassets */ = {isa = PBXFileReference; lastKnownFileType = folder.assetcatalog; path = Assets.xcassets; sourceTree = "<group>"; };
		945AB43B1DA268130010FB7C /* Base */ = {isa = PBXFileReference; lastKnownFileType = file.storyboard; name = Base; path = Base.lproj/LaunchScreen.storyboard; sourceTree = "<group>"; };
		945AB43D1DA268130010FB7C /* Info.plist */ = {isa = PBXFileReference; lastKnownFileType = text.plist.xml; path = Info.plist; sourceTree = "<group>"; };
		945AB4421DA268140010FB7C /* Accediendo-a-la-nube-con-iOS_Semana-4_EjercicioPUTests.xctest */ = {isa = PBXFileReference; explicitFileType = wrapper.cfbundle; includeInIndex = 0; path = "Accediendo-a-la-nube-con-iOS_Semana-4_EjercicioPUTests.xctest"; sourceTree = BUILT_PRODUCTS_DIR; };
		945AB4461DA268140010FB7C /* Accediendo_a_la_nube_con_iOS_Semana_4_EjercicioPUTests.swift */ = {isa = PBXFileReference; lastKnownFileType = sourcecode.swift; path = Accediendo_a_la_nube_con_iOS_Semana_4_EjercicioPUTests.swift; sourceTree = "<group>"; };
		945AB4481DA268140010FB7C /* Info.plist */ = {isa = PBXFileReference; lastKnownFileType = text.plist.xml; path = Info.plist; sourceTree = "<group>"; };
/* End PBXFileReference section */

/* Begin PBXFrameworksBuildPhase section */
		945AB42B1DA268130010FB7C /* Frameworks */ = {
			isa = PBXFrameworksBuildPhase;
			buildActionMask = 2147483647;
			files = (
			);
			runOnlyForDeploymentPostprocessing = 0;
		};
		945AB43F1DA268140010FB7C /* Frameworks */ = {
			isa = PBXFrameworksBuildPhase;
			buildActionMask = 2147483647;
			files = (
			);
			runOnlyForDeploymentPostprocessing = 0;
		};
/* End PBXFrameworksBuildPhase section */

/* Begin PBXGroup section */
		945AB4251DA268120010FB7C = {
			isa = PBXGroup;
			children = (
				945AB4301DA268130010FB7C /* Accediendo-a-la-nube-con-iOS_Semana-4_EjercicioPU */,
				945AB4451DA268140010FB7C /* Accediendo-a-la-nube-con-iOS_Semana-4_EjercicioPUTests */,
				945AB42F1DA268130010FB7C /* Products */,
			);
			sourceTree = "<group>";
		};
		945AB42F1DA268130010FB7C /* Products */ = {
			isa = PBXGroup;
			children = (
				945AB42E1DA268130010FB7C /* Accediendo-a-la-nube-con-iOS_Semana-4_EjercicioPU.app */,
				945AB4421DA268140010FB7C /* Accediendo-a-la-nube-con-iOS_Semana-4_EjercicioPUTests.xctest */,
			);
			name = Products;
			sourceTree = "<group>";
		};
		945AB4301DA268130010FB7C /* Accediendo-a-la-nube-con-iOS_Semana-4_EjercicioPU */ = {
			isa = PBXGroup;
			children = (
				945AB4311DA268130010FB7C /* AppDelegate.swift */,
				945AB4331DA268130010FB7C /* ViewController.swift */,
				945AB4351DA268130010FB7C /* Main.storyboard */,
				945AB4381DA268130010FB7C /* Assets.xcassets */,
				945AB43A1DA268130010FB7C /* LaunchScreen.storyboard */,
				945AB43D1DA268130010FB7C /* Info.plist */,
			);
			path = "Accediendo-a-la-nube-con-iOS_Semana-4_EjercicioPU";
			sourceTree = "<group>";
		};
		945AB4451DA268140010FB7C /* Accediendo-a-la-nube-con-iOS_Semana-4_EjercicioPUTests */ = {
			isa = PBXGroup;
			children = (
				945AB4461DA268140010FB7C /* Accediendo_a_la_nube_con_iOS_Semana_4_EjercicioPUTests.swift */,
				945AB4481DA268140010FB7C /* Info.plist */,
			);
			path = "Accediendo-a-la-nube-con-iOS_Semana-4_EjercicioPUTests";
			sourceTree = "<group>";
		};
/* End PBXGroup section */

/* Begin PBXNativeTarget section */
		945AB42D1DA268130010FB7C /* Accediendo-a-la-nube-con-iOS_Semana-4_EjercicioPU */ = {
			isa = PBXNativeTarget;
			buildConfigurationList = 945AB44B1DA268140010FB7C /* Build configuration list for PBXNativeTarget "Accediendo-a-la-nube-con-iOS_Semana-4_EjercicioPU" */;
			buildPhases = (
				945AB42A1DA268130010FB7C /* Sources */,
				945AB42B1DA268130010FB7C /* Frameworks */,
				945AB42C1DA268130010FB7C /* Resources */,
			);
			buildRules = (
			);
			dependencies = (
			);
			name = "Accediendo-a-la-nube-con-iOS_Semana-4_EjercicioPU";
			productName = "Accediendo-a-la-nube-con-iOS_Semana-4_EjercicioPU";
			productReference = 945AB42E1DA268130010FB7C /* Accediendo-a-la-nube-con-iOS_Semana-4_EjercicioPU.app */;
			productType = "com.apple.product-type.application";
		};
		945AB4411DA268140010FB7C /* Accediendo-a-la-nube-con-iOS_Semana-4_EjercicioPUTests */ = {
			isa = PBXNativeTarget;
			buildConfigurationList = 945AB44E1DA268140010FB7C /* Build configuration list for PBXNativeTarget "Accediendo-a-la-nube-con-iOS_Semana-4_EjercicioPUTests" */;
			buildPhases = (
				945AB43E1DA268140010FB7C /* Sources */,
				945AB43F1DA268140010FB7C /* Frameworks */,
				945AB4401DA268140010FB7C /* Resources */,
			);
			buildRules = (
			);
			dependencies = (
				945AB4441DA268140010FB7C /* PBXTargetDependency */,
			);
			name = "Accediendo-a-la-nube-con-iOS_Semana-4_EjercicioPUTests";
			productName = "Accediendo-a-la-nube-con-iOS_Semana-4_EjercicioPUTests";
			productReference = 945AB4421DA268140010FB7C /* Accediendo-a-la-nube-con-iOS_Semana-4_EjercicioPUTests.xctest */;
			productType = "com.apple.product-type.bundle.unit-test";
		};
/* End PBXNativeTarget section */

/* Begin PBXProject section */
		945AB4261DA268120010FB7C /* Project object */ = {
			isa = PBXProject;
			attributes = {
				LastSwiftUpdateCheck = 0730;
				LastUpgradeCheck = 0730;
				ORGANIZATIONNAME = "Juan Carlos Carbajal Ipenza";
				TargetAttributes = {
					945AB42D1DA268130010FB7C = {
						CreatedOnToolsVersion = 7.3;
						DevelopmentTeam = 85667CV2UC;
					};
					945AB4411DA268140010FB7C = {
						CreatedOnToolsVersion = 7.3;
						DevelopmentTeam = 85667CV2UC;
						TestTargetID = 945AB42D1DA268130010FB7C;
					};
				};
			};
			buildConfigurationList = 945AB4291DA268120010FB7C /* Build configuration list for PBXProject "Accediendo-a-la-nube-con-iOS_Semana-4_EjercicioPU" */;
			compatibilityVersion = "Xcode 3.2";
			developmentRegion = English;
			hasScannedForEncodings = 0;
			knownRegions = (
				en,
				Base,
			);
			mainGroup = 945AB4251DA268120010FB7C;
			productRefGroup = 945AB42F1DA268130010FB7C /* Products */;
			projectDirPath = "";
			projectRoot = "";
			targets = (
				945AB42D1DA268130010FB7C /* Accediendo-a-la-nube-con-iOS_Semana-4_EjercicioPU */,
				945AB4411DA268140010FB7C /* Accediendo-a-la-nube-con-iOS_Semana-4_EjercicioPUTests */,
			);
		};
/* End PBXProject section */

/* Begin PBXResourcesBuildPhase section */
		945AB42C1DA268130010FB7C /* Resources */ = {
			isa = PBXResourcesBuildPhase;
			buildActionMask = 2147483647;
			files = (
				945AB43C1DA268130010FB7C /* LaunchScreen.storyboard in Resources */,
				945AB4391DA268130010FB7C /* Assets.xcassets in Resources */,
				945AB4371DA268130010FB7C /* Main.storyboard in Resources */,
			);
			runOnlyForDeploymentPostprocessing = 0;
		};
		945AB4401DA268140010FB7C /* Resources */ = {
			isa = PBXResourcesBuildPhase;
			buildActionMask = 2147483647;
			files = (
			);
			runOnlyForDeploymentPostprocessing = 0;
		};
/* End PBXResourcesBuildPhase section */

/* Begin PBXSourcesBuildPhase section */
		945AB42A1DA268130010FB7C /* Sources */ = {
			isa = PBXSourcesBuildPhase;
			buildActionMask = 2147483647;
			files = (
				945AB4341DA268130010FB7C /* ViewController.swift in Sources */,
				945AB4321DA268130010FB7C /* AppDelegate.swift in Sources */,
			);
			runOnlyForDeploymentPostprocessing = 0;
		};
		945AB43E1DA268140010FB7C /* Sources */ = {
			isa = PBXSourcesBuildPhase;
			buildActionMask = 2147483647;
			files = (
				945AB4471DA268140010FB7C /* Accediendo_a_la_nube_con_iOS_Semana_4_EjercicioPUTests.swift in Sources */,
			);
			runOnlyForDeploymentPostprocessing = 0;
		};
/* End PBXSourcesBuildPhase section */

/* Begin PBXTargetDependency section */
		945AB4441DA268140010FB7C /* PBXTargetDependency */ = {
			isa = PBXTargetDependency;
			target = 945AB42D1DA268130010FB7C /* Accediendo-a-la-nube-con-iOS_Semana-4_EjercicioPU */;
			targetProxy = 945AB4431DA268140010FB7C /* PBXContainerItemProxy */;
		};
/* End PBXTargetDependency section */

/* Begin PBXVariantGroup section */
		945AB4351DA268130010FB7C /* Main.storyboard */ = {
			isa = PBXVariantGroup;
			children = (
				945AB4361DA268130010FB7C /* Base */,
			);
			name = Main.storyboard;
			sourceTree = "<group>";
		};
		945AB43A1DA268130010FB7C /* LaunchScreen.storyboard */ = {
			isa = PBXVariantGroup;
			children = (
				945AB43B1DA268130010FB7C /* Base */,
			);
			name = LaunchScreen.storyboard;
			sourceTree = "<group>";
		};
/* End PBXVariantGroup section */

/* Begin XCBuildConfiguration section */
		945AB4491DA268140010FB7C /* Debug */ = {
			isa = XCBuildConfiguration;
			buildSettings = {
				ALWAYS_SEARCH_USER_PATHS = NO;
				CLANG_CXX_LANGUAGE_STANDARD = "gnu++0x";
				CLANG_CXX_LIBRARY = "libc++";
				CLANG_ENABLE_MODULES = YES;
				CLANG_ENABLE_OBJC_ARC = YES;
				CLANG_WARN_BOOL_CONVERSION = YES;
				CLANG_WARN_CONSTANT_CONVERSION = YES;
				CLANG_WARN_DIRECT_OBJC_ISA_USAGE = YES_ERROR;
				CLANG_WARN_EMPTY_BODY = YES;
				CLANG_WARN_ENUM_CONVERSION = YES;
				CLANG_WARN_INT_CONVERSION = YES;
				CLANG_WARN_OBJC_ROOT_CLASS = YES_ERROR;
				CLANG_WARN_UNREACHABLE_CODE = YES;
				CLANG_WARN__DUPLICATE_METHOD_MATCH = YES;
				"CODE_SIGN_IDENTITY[sdk=iphoneos*]" = "iPhone Developer";
				COPY_PHASE_STRIP = NO;
				DEBUG_INFORMATION_FORMAT = dwarf;
				ENABLE_STRICT_OBJC_MSGSEND = YES;
				ENABLE_TESTABILITY = YES;
				GCC_C_LANGUAGE_STANDARD = gnu99;
				GCC_DYNAMIC_NO_PIC = NO;
				GCC_NO_COMMON_BLOCKS = YES;
				GCC_OPTIMIZATION_LEVEL = 0;
				GCC_PREPROCESSOR_DEFINITIONS = (
					"DEBUG=1",
					"$(inherited)",
				);
				GCC_WARN_64_TO_32_BIT_CONVERSION = YES;
				GCC_WARN_ABOUT_RETURN_TYPE = YES_ERROR;
				GCC_WARN_UNDECLARED_SELECTOR = YES;
				GCC_WARN_UNINITIALIZED_AUTOS = YES_AGGRESSIVE;
				GCC_WARN_UNUSED_FUNCTION = YES;
				GCC_WARN_UNUSED_VARIABLE = YES;
				IPHONEOS_DEPLOYMENT_TARGET = 9.3;
				MTL_ENABLE_DEBUG_INFO = YES;
				ONLY_ACTIVE_ARCH = YES;
				SDKROOT = iphoneos;
				SWIFT_OPTIMIZATION_LEVEL = "-Onone";
				TARGETED_DEVICE_FAMILY = "1,2";
			};
			name = Debug;
		};
		945AB44A1DA268140010FB7C /* Release */ = {
			isa = XCBuildConfiguration;
			buildSettings = {
				ALWAYS_SEARCH_USER_PATHS = NO;
				CLANG_CXX_LANGUAGE_STANDARD = "gnu++0x";
				CLANG_CXX_LIBRARY = "libc++";
				CLANG_ENABLE_MODULES = YES;
				CLANG_ENABLE_OBJC_ARC = YES;
				CLANG_WARN_BOOL_CONVERSION = YES;
				CLANG_WARN_CONSTANT_CONVERSION = YES;
				CLANG_WARN_DIRECT_OBJC_ISA_USAGE = YES_ERROR;
				CLANG_WARN_EMPTY_BODY = YES;
				CLANG_WARN_ENUM_CONVERSION = YES;
				CLANG_WARN_INT_CONVERSION = YES;
				CLANG_WARN_OBJC_ROOT_CLASS = YES_ERROR;
				CLANG_WARN_UNREACHABLE_CODE = YES;
				CLANG_WARN__DUPLICATE_METHOD_MATCH = YES;
				"CODE_SIGN_IDENTITY[sdk=iphoneos*]" = "iPhone Developer";
				COPY_PHASE_STRIP = NO;
				DEBUG_INFORMATION_FORMAT = "dwarf-with-dsym";
				ENABLE_NS_ASSERTIONS = NO;
				ENABLE_STRICT_OBJC_MSGSEND = YES;
				GCC_C_LANGUAGE_STANDARD = gnu99;
				GCC_NO_COMMON_BLOCKS = YES;
				GCC_WARN_64_TO_32_BIT_CONVERSION = YES;
				GCC_WARN_ABOUT_RETURN_TYPE = YES_ERROR;
				GCC_WARN_UNDECLARED_SELECTOR = YES;
				GCC_WARN_UNINITIALIZED_AUTOS = YES_AGGRESSIVE;
				GCC_WARN_UNUSED_FUNCTION = YES;
				GCC_WARN_UNUSED_VARIABLE = YES;
				IPHONEOS_DEPLOYMENT_TARGET = 9.3;
				MTL_ENABLE_DEBUG_INFO = NO;
				SDKROOT = iphoneos;
				TARGETED_DEVICE_FAMILY = "1,2";
				VALIDATE_PRODUCT = YES;
			};
			name = Release;
		};
		945AB44C1DA268140010FB7C /* Debug */ = {
			isa = XCBuildConfiguration;
			buildSettings = {
				ASSETCATALOG_COMPILER_APPICON_NAME = AppIcon;
				INFOPLIST_FILE = "Accediendo-a-la-nube-con-iOS_Semana-4_EjercicioPU/Info.plist";
				LD_RUNPATH_SEARCH_PATHS = "$(inherited) @executable_path/Frameworks";
				PRODUCT_BUNDLE_IDENTIFIER = "com.m0rb1u5.Accediendo-a-la-nube-con-iOS-Semana-4-EjercicioPU";
				PRODUCT_NAME = "$(TARGET_NAME)";
			};
			name = Debug;
		};
		945AB44D1DA268140010FB7C /* Release */ = {
			isa = XCBuildConfiguration;
			buildSettings = {
				ASSETCATALOG_COMPILER_APPICON_NAME = AppIcon;
				INFOPLIST_FILE = "Accediendo-a-la-nube-con-iOS_Semana-4_EjercicioPU/Info.plist";
				LD_RUNPATH_SEARCH_PATHS = "$(inherited) @executable_path/Frameworks";
				PRODUCT_BUNDLE_IDENTIFIER = "com.m0rb1u5.Accediendo-a-la-nube-con-iOS-Semana-4-EjercicioPU";
				PRODUCT_NAME = "$(TARGET_NAME)";
			};
			name = Release;
		};
		945AB44F1DA268140010FB7C /* Debug */ = {
			isa = XCBuildConfiguration;
			buildSettings = {
				BUNDLE_LOADER = "$(TEST_HOST)";
				INFOPLIST_FILE = "Accediendo-a-la-nube-con-iOS_Semana-4_EjercicioPUTests/Info.plist";
				LD_RUNPATH_SEARCH_PATHS = "$(inherited) @executable_path/Frameworks @loader_path/Frameworks";
				PRODUCT_BUNDLE_IDENTIFIER = "com.m0rb1u5.Accediendo-a-la-nube-con-iOS-Semana-4-EjercicioPUTests";
				PRODUCT_NAME = "$(TARGET_NAME)";
				TEST_HOST = "$(BUILT_PRODUCTS_DIR)/Accediendo-a-la-nube-con-iOS_Semana-4_EjercicioPU.app/Accediendo-a-la-nube-con-iOS_Semana-4_EjercicioPU";
			};
			name = Debug;
		};
		945AB4501DA268140010FB7C /* Release */ = {
			isa = XCBuildConfiguration;
			buildSettings = {
				BUNDLE_LOADER = "$(TEST_HOST)";
				INFOPLIST_FILE = "Accediendo-a-la-nube-con-iOS_Semana-4_EjercicioPUTests/Info.plist";
				LD_RUNPATH_SEARCH_PATHS = "$(inherited) @executable_path/Frameworks @loader_path/Frameworks";
				PRODUCT_BUNDLE_IDENTIFIER = "com.m0rb1u5.Accediendo-a-la-nube-con-iOS-Semana-4-EjercicioPUTests";
				PRODUCT_NAME = "$(TARGET_NAME)";
				TEST_HOST = "$(BUILT_PRODUCTS_DIR)/Accediendo-a-la-nube-con-iOS_Semana-4_EjercicioPU.app/Accediendo-a-la-nube-con-iOS_Semana-4_EjercicioPU";
			};
			name = Release;
		};
/* End XCBuildConfiguration section */

/* Begin XCConfigurationList section */
		945AB4291DA268120010FB7C /* Build configuration list for PBXProject "Accediendo-a-la-nube-con-iOS_Semana-4_EjercicioPU" */ = {
			isa = XCConfigurationList;
			buildConfigurations = (
				945AB4491DA268140010FB7C /* Debug */,
				945AB44A1DA268140010FB7C /* Release */,
			);
			defaultConfigurationIsVisible = 0;
			defaultConfigurationName = Release;
		};
		945AB44B1DA268140010FB7C /* Build configuration list for PBXNativeTarget "Accediendo-a-la-nube-con-iOS_Semana-4_EjercicioPU" */ = {
			isa = XCConfigurationList;
			buildConfigurations = (
				945AB44C1DA268140010FB7C /* Debug */,
				945AB44D1DA268140010FB7C /* Release */,
			);
			defaultConfigurationIsVisible = 0;
		};
		945AB44E1DA268140010FB7C /* Build configuration list for PBXNativeTarget "Accediendo-a-la-nube-con-iOS_Semana-4_EjercicioPUTests" */ = {
			isa = XCConfigurationList;
			buildConfigurations = (
				945AB44F1DA268140010FB7C /* Debug */,
				945AB4501DA268140010FB7C /* Release */,
			);
			defaultConfigurationIsVisible = 0;
		};
/* End XCConfigurationList section */
	};
	rootObject = 945AB4261DA268120010FB7C /* Project object */;
}
